
Microsoft Visual Studio Solution File, Format Version 12.00
# Visual Studio Version 17
VisualStudioVersion = 17.0.32112.339
MinimumVisualStudioVersion = 10.0.40219.1
Project("{FAE04EC0-301F-11D3-BF4B-00C04F79EFBC}") = "Learning.Csharp", "Learning.Csharp\Learning.Csharp.csproj", "{0BC63884-2DDC-47AC-882A-71945448A75E}"
EndProject
Global
	GlobalSection(SolutionConfigurationPlatforms) = preSolution
		Debug|Any CPU = Debug|Any CPU
		Release|Any CPU = Release|Any CPU
	EndGlobalSection
	GlobalSection(ProjectConfigurationPlatforms) = postSolution
		{0BC63884-2DDC-47AC-882A-71945448A75E}.Debug|Any CPU.ActiveCfg = Debug|Any CPU
		{0BC63884-2DDC-47AC-882A-71945448A75E}.Debug|Any CPU.Build.0 = Debug|Any CPU
		{0BC63884-2DDC-47AC-882A-71945448A75E}.Release|Any CPU.ActiveCfg = Release|Any CPU
		{0BC63884-2DDC-47AC-882A-71945448A75E}.Release|Any CPU.Build.0 = Release|Any CPU
	EndGlobalSection
	GlobalSection(SolutionProperties) = preSolution
		HideSolutionNode = FALSE
	EndGlobalSection
	GlobalSection(ExtensibilityGlobals) = postSolution
		SolutionGuid = {AC5A32B7-EF91-4057-BA01-B9343EECB872}
	EndGlobalSection
EndGlobal
